
Microsoft Visual Studio Solution File, Format Version 12.00
# Visual Studio 15
VisualStudioVersion = 15.0.26430.16
MinimumVisualStudioVersion = 10.0.40219.1
Project("{FAE04EC0-301F-11D3-BF4B-00C04F79EFBC}") = "VolumeControl", "VolumeControl\VolumeControl.csproj", "{2F1740A3-0C4F-437C-B5C2-93F8B295B442}"
EndProject
Global
	GlobalSection(SolutionConfigurationPlatforms) = preSolution
		Debug|Any CPU = Debug|Any CPU
		Release|Any CPU = Release|Any CPU
	EndGlobalSection
	GlobalSection(ProjectConfigurationPlatforms) = postSolution
		{2F1740A3-0C4F-437C-B5C2-93F8B295B442}.Debug|Any CPU.ActiveCfg = Debug|Any CPU
		{2F1740A3-0C4F-437C-B5C2-93F8B295B442}.Debug|Any CPU.Build.0 = Debug|Any CPU
		{2F1740A3-0C4F-437C-B5C2-93F8B295B442}.Release|Any CPU.ActiveCfg = Release|Any CPU
		{2F1740A3-0C4F-437C-B5C2-93F8B295B442}.Release|Any CPU.Build.0 = Release|Any CPU
	EndGlobalSection
	GlobalSection(SolutionProperties) = preSolution
		HideSolutionNode = FALSE
	EndGlobalSection
EndGlobal
